
Microsoft Visual Studio Solution File, Format Version 12.00
# Visual Studio 15
VisualStudioVersion = 15.0.27130.2010
MinimumVisualStudioVersion = 10.0.40219.1
Project("{FAE04EC0-301F-11D3-BF4B-00C04F79EFBC}") = "MouseEventTest", "MouseEventTest\MouseEventTest.csproj", "{223AEBDF-A541-47AE-95D6-5E2B78918B82}"
EndProject
Project("{FAE04EC0-301F-11D3-BF4B-00C04F79EFBC}") = "SimpleVectorGraphicEditor", "SimpleVectorGraphicEditor\SimpleVectorGraphicEditor.csproj", "{FFE94969-035A-415E-A963-A165F223A2D3}"
EndProject
Global
	GlobalSection(SolutionConfigurationPlatforms) = preSolution
		Debug|Any CPU = Debug|Any CPU
		Release|Any CPU = Release|Any CPU
	EndGlobalSection
	GlobalSection(ProjectConfigurationPlatforms) = postSolution
		{223AEBDF-A541-47AE-95D6-5E2B78918B82}.Debug|Any CPU.ActiveCfg = Debug|Any CPU
		{223AEBDF-A541-47AE-95D6-5E2B78918B82}.Debug|Any CPU.Build.0 = Debug|Any CPU
		{223AEBDF-A541-47AE-95D6-5E2B78918B82}.Release|Any CPU.ActiveCfg = Release|Any CPU
		{223AEBDF-A541-47AE-95D6-5E2B78918B82}.Release|Any CPU.Build.0 = Release|Any CPU
		{FFE94969-035A-415E-A963-A165F223A2D3}.Debug|Any CPU.ActiveCfg = Debug|Any CPU
		{FFE94969-035A-415E-A963-A165F223A2D3}.Debug|Any CPU.Build.0 = Debug|Any CPU
		{FFE94969-035A-415E-A963-A165F223A2D3}.Release|Any CPU.ActiveCfg = Release|Any CPU
		{FFE94969-035A-415E-A963-A165F223A2D3}.Release|Any CPU.Build.0 = Release|Any CPU
	EndGlobalSection
	GlobalSection(SolutionProperties) = preSolution
		HideSolutionNode = FALSE
	EndGlobalSection
	GlobalSection(ExtensibilityGlobals) = postSolution
		SolutionGuid = {627A06D4-4D4F-49B3-A840-EB1643F786EF}
	EndGlobalSection
EndGlobal
